
Microsoft Visual Studio Solution File, Format Version 12.00
# Visual Studio Version 17
VisualStudioVersion = 17.5.33502.453
MinimumVisualStudioVersion = 10.0.40219.1
Project("{9A19103F-16F7-4668-BE54-9A1E7A4F7556}") = "Mind_Map_Tool", "Mind_Map_Tool\Mind_Map_Tool.csproj", "{10BC979F-91EB-4271-AB62-D5F3590E13E1}"
EndProject
Global
	GlobalSection(SolutionConfigurationPlatforms) = preSolution
		Debug|Any CPU = Debug|Any CPU
		Debug|x64 = Debug|x64
		Release|Any CPU = Release|Any CPU
		Release|x64 = Release|x64
	EndGlobalSection
	GlobalSection(ProjectConfigurationPlatforms) = postSolution
		{10BC979F-91EB-4271-AB62-D5F3590E13E1}.Debug|Any CPU.ActiveCfg = Debug|Any CPU
		{10BC979F-91EB-4271-AB62-D5F3590E13E1}.Debug|Any CPU.Build.0 = Debug|Any CPU
		{10BC979F-91EB-4271-AB62-D5F3590E13E1}.Debug|x64.ActiveCfg = Release|x64
		{10BC979F-91EB-4271-AB62-D5F3590E13E1}.Debug|x64.Build.0 = Release|x64
		{10BC979F-91EB-4271-AB62-D5F3590E13E1}.Release|Any CPU.ActiveCfg = Release|Any CPU
		{10BC979F-91EB-4271-AB62-D5F3590E13E1}.Release|Any CPU.Build.0 = Release|Any CPU
		{10BC979F-91EB-4271-AB62-D5F3590E13E1}.Release|x64.ActiveCfg = Release|x64
		{10BC979F-91EB-4271-AB62-D5F3590E13E1}.Release|x64.Build.0 = Release|x64
	EndGlobalSection
	GlobalSection(SolutionProperties) = preSolution
		HideSolutionNode = FALSE
	EndGlobalSection
	GlobalSection(ExtensibilityGlobals) = postSolution
		SolutionGuid = {9ACFC093-4AA3-4C10-ACCF-D28A032C47B2}
	EndGlobalSection
EndGlobal
